
Microsoft Visual Studio Solution File, Format Version 12.00
# Visual Studio 15
VisualStudioVersion = 15.0.26124.0
MinimumVisualStudioVersion = 15.0.26124.0
Project("{2150E333-8FDC-42A3-9474-1A3956D46DE8}") = "src", "src", "{1B039CE2-F338-428A-8C22-9E6C6E1401C3}"
EndProject
Project("{F2A71F9B-5D33-465A-A702-920D77279786}") = "Cookbook", "src\Cookbook\Cookbook.fsproj", "{EA14898F-5E86-43F7-88F0-48A9DEEC05DD}"
EndProject
Project("{F2A71F9B-5D33-465A-A702-920D77279786}") = "Xml", "src\Xml\Xml.fsproj", "{91A67809-0089-4A64-B832-897D51C1C3B1}"
EndProject
Project("{F2A71F9B-5D33-465A-A702-920D77279786}") = "GCP", "src\GCP\GCP.fsproj", "{7FC8A798-7473-4C4E-AED4-FE93A2C860E7}"
EndProject
Project("{F2A71F9B-5D33-465A-A702-920D77279786}") = "CookbookTests", "src\CookbookTests\CookbookTests.fsproj", "{15EC2EDB-A5F9-4001-ACAE-9F51CEBD62D3}"
EndProject
Global
	GlobalSection(SolutionConfigurationPlatforms) = preSolution
		Debug|Any CPU = Debug|Any CPU
		Debug|x64 = Debug|x64
		Debug|x86 = Debug|x86
		Release|Any CPU = Release|Any CPU
		Release|x64 = Release|x64
		Release|x86 = Release|x86
	EndGlobalSection
	GlobalSection(SolutionProperties) = preSolution
		HideSolutionNode = FALSE
	EndGlobalSection
	GlobalSection(ProjectConfigurationPlatforms) = postSolution
		{EA14898F-5E86-43F7-88F0-48A9DEEC05DD}.Debug|Any CPU.ActiveCfg = Debug|Any CPU
		{EA14898F-5E86-43F7-88F0-48A9DEEC05DD}.Debug|Any CPU.Build.0 = Debug|Any CPU
		{EA14898F-5E86-43F7-88F0-48A9DEEC05DD}.Debug|x64.ActiveCfg = Debug|Any CPU
		{EA14898F-5E86-43F7-88F0-48A9DEEC05DD}.Debug|x64.Build.0 = Debug|Any CPU
		{EA14898F-5E86-43F7-88F0-48A9DEEC05DD}.Debug|x86.ActiveCfg = Debug|Any CPU
		{EA14898F-5E86-43F7-88F0-48A9DEEC05DD}.Debug|x86.Build.0 = Debug|Any CPU
		{EA14898F-5E86-43F7-88F0-48A9DEEC05DD}.Release|Any CPU.ActiveCfg = Release|Any CPU
		{EA14898F-5E86-43F7-88F0-48A9DEEC05DD}.Release|Any CPU.Build.0 = Release|Any CPU
		{EA14898F-5E86-43F7-88F0-48A9DEEC05DD}.Release|x64.ActiveCfg = Release|Any CPU
		{EA14898F-5E86-43F7-88F0-48A9DEEC05DD}.Release|x64.Build.0 = Release|Any CPU
		{EA14898F-5E86-43F7-88F0-48A9DEEC05DD}.Release|x86.ActiveCfg = Release|Any CPU
		{EA14898F-5E86-43F7-88F0-48A9DEEC05DD}.Release|x86.Build.0 = Release|Any CPU
		{91A67809-0089-4A64-B832-897D51C1C3B1}.Debug|Any CPU.ActiveCfg = Debug|Any CPU
		{91A67809-0089-4A64-B832-897D51C1C3B1}.Debug|Any CPU.Build.0 = Debug|Any CPU
		{91A67809-0089-4A64-B832-897D51C1C3B1}.Debug|x64.ActiveCfg = Debug|Any CPU
		{91A67809-0089-4A64-B832-897D51C1C3B1}.Debug|x64.Build.0 = Debug|Any CPU
		{91A67809-0089-4A64-B832-897D51C1C3B1}.Debug|x86.ActiveCfg = Debug|Any CPU
		{91A67809-0089-4A64-B832-897D51C1C3B1}.Debug|x86.Build.0 = Debug|Any CPU
		{91A67809-0089-4A64-B832-897D51C1C3B1}.Release|Any CPU.ActiveCfg = Release|Any CPU
		{91A67809-0089-4A64-B832-897D51C1C3B1}.Release|Any CPU.Build.0 = Release|Any CPU
		{91A67809-0089-4A64-B832-897D51C1C3B1}.Release|x64.ActiveCfg = Release|Any CPU
		{91A67809-0089-4A64-B832-897D51C1C3B1}.Release|x64.Build.0 = Release|Any CPU
		{91A67809-0089-4A64-B832-897D51C1C3B1}.Release|x86.ActiveCfg = Release|Any CPU
		{91A67809-0089-4A64-B832-897D51C1C3B1}.Release|x86.Build.0 = Release|Any CPU
		{7FC8A798-7473-4C4E-AED4-FE93A2C860E7}.Debug|Any CPU.ActiveCfg = Debug|Any CPU
		{7FC8A798-7473-4C4E-AED4-FE93A2C860E7}.Debug|Any CPU.Build.0 = Debug|Any CPU
		{7FC8A798-7473-4C4E-AED4-FE93A2C860E7}.Debug|x64.ActiveCfg = Debug|Any CPU
		{7FC8A798-7473-4C4E-AED4-FE93A2C860E7}.Debug|x64.Build.0 = Debug|Any CPU
		{7FC8A798-7473-4C4E-AED4-FE93A2C860E7}.Debug|x86.ActiveCfg = Debug|Any CPU
		{7FC8A798-7473-4C4E-AED4-FE93A2C860E7}.Debug|x86.Build.0 = Debug|Any CPU
		{7FC8A798-7473-4C4E-AED4-FE93A2C860E7}.Release|Any CPU.ActiveCfg = Release|Any CPU
		{7FC8A798-7473-4C4E-AED4-FE93A2C860E7}.Release|Any CPU.Build.0 = Release|Any CPU
		{7FC8A798-7473-4C4E-AED4-FE93A2C860E7}.Release|x64.ActiveCfg = Release|Any CPU
		{7FC8A798-7473-4C4E-AED4-FE93A2C860E7}.Release|x64.Build.0 = Release|Any CPU
		{7FC8A798-7473-4C4E-AED4-FE93A2C860E7}.Release|x86.ActiveCfg = Release|Any CPU
		{7FC8A798-7473-4C4E-AED4-FE93A2C860E7}.Release|x86.Build.0 = Release|Any CPU
		{15EC2EDB-A5F9-4001-ACAE-9F51CEBD62D3}.Debug|Any CPU.ActiveCfg = Debug|Any CPU
		{15EC2EDB-A5F9-4001-ACAE-9F51CEBD62D3}.Debug|Any CPU.Build.0 = Debug|Any CPU
		{15EC2EDB-A5F9-4001-ACAE-9F51CEBD62D3}.Debug|x64.ActiveCfg = Debug|Any CPU
		{15EC2EDB-A5F9-4001-ACAE-9F51CEBD62D3}.Debug|x64.Build.0 = Debug|Any CPU
		{15EC2EDB-A5F9-4001-ACAE-9F51CEBD62D3}.Debug|x86.ActiveCfg = Debug|Any CPU
		{15EC2EDB-A5F9-4001-ACAE-9F51CEBD62D3}.Debug|x86.Build.0 = Debug|Any CPU
		{15EC2EDB-A5F9-4001-ACAE-9F51CEBD62D3}.Release|Any CPU.ActiveCfg = Release|Any CPU
		{15EC2EDB-A5F9-4001-ACAE-9F51CEBD62D3}.Release|Any CPU.Build.0 = Release|Any CPU
		{15EC2EDB-A5F9-4001-ACAE-9F51CEBD62D3}.Release|x64.ActiveCfg = Release|Any CPU
		{15EC2EDB-A5F9-4001-ACAE-9F51CEBD62D3}.Release|x64.Build.0 = Release|Any CPU
		{15EC2EDB-A5F9-4001-ACAE-9F51CEBD62D3}.Release|x86.ActiveCfg = Release|Any CPU
		{15EC2EDB-A5F9-4001-ACAE-9F51CEBD62D3}.Release|x86.Build.0 = Release|Any CPU
	EndGlobalSection
	GlobalSection(NestedProjects) = preSolution
		{EA14898F-5E86-43F7-88F0-48A9DEEC05DD} = {1B039CE2-F338-428A-8C22-9E6C6E1401C3}
		{91A67809-0089-4A64-B832-897D51C1C3B1} = {1B039CE2-F338-428A-8C22-9E6C6E1401C3}
		{7FC8A798-7473-4C4E-AED4-FE93A2C860E7} = {1B039CE2-F338-428A-8C22-9E6C6E1401C3}
		{15EC2EDB-A5F9-4001-ACAE-9F51CEBD62D3} = {1B039CE2-F338-428A-8C22-9E6C6E1401C3}
	EndGlobalSection
EndGlobal
