{
  "nodes": {
    "nixpkgs": {
      "locked": {
        "lastModified": 1721601674,
        "narHash": "sha256-aVORWemukso1D8e0nwF4AALq5go1sapVM0l5lDsiJ2A=",
        "owner": "nixos",
        "repo": "nixpkgs",
        "rev": "80d2de8b7a10949998ffc3b37ab239c2ee9bf809",
        "type": "github"
      },
      "original": {
        "owner": "nixos",
        "repo": "nixpkgs",
        "type": "github"
      }
    },
    "root": {
      "inputs": {
        "nixpkgs": "nixpkgs"
      }
    }
  },
  "root": "root",
  "version": 7
}
